
Microsoft Visual Studio Solution File, Format Version 12.00
# Visual Studio Version 17
VisualStudioVersion = 17.8.34330.188
MinimumVisualStudioVersion = 10.0.40219.1
Project("{FAE04EC0-301F-11D3-BF4B-00C04F79EFBC}") = "peng-tim-2D-Interactive-Toy", "peng-tim-2D-Interactive-Toy.csproj", "{0BDA5D08-8406-4CE8-9696-22053FA56DE0}"
EndProject
Global
	GlobalSection(SolutionConfigurationPlatforms) = preSolution
		Debug|Any CPU = Debug|Any CPU
		Release|Any CPU = Release|Any CPU
	EndGlobalSection
	GlobalSection(ProjectConfigurationPlatforms) = postSolution
		{0BDA5D08-8406-4CE8-9696-22053FA56DE0}.Debug|Any CPU.ActiveCfg = Debug|Any CPU
		{0BDA5D08-8406-4CE8-9696-22053FA56DE0}.Debug|Any CPU.Build.0 = Debug|Any CPU
		{0BDA5D08-8406-4CE8-9696-22053FA56DE0}.Release|Any CPU.ActiveCfg = Release|Any CPU
		{0BDA5D08-8406-4CE8-9696-22053FA56DE0}.Release|Any CPU.Build.0 = Release|Any CPU
	EndGlobalSection
	GlobalSection(SolutionProperties) = preSolution
		HideSolutionNode = FALSE
	EndGlobalSection
	GlobalSection(ExtensibilityGlobals) = postSolution
		SolutionGuid = {B99766F1-7B3B-479C-B6A1-7B6901695919}
	EndGlobalSection
EndGlobal
